
Microsoft Visual Studio Solution File, Format Version 12.00
# Visual Studio Version 17
VisualStudioVersion = 17.6.33723.286
MinimumVisualStudioVersion = 10.0.40219.1
Project("{2150E333-8FDC-42A3-9474-1A3956D46DE8}") = "src", "src", "{47F76D1E-C14A-4EF3-89A7-36E17F998B90}"
EndProject
Project("{2150E333-8FDC-42A3-9474-1A3956D46DE8}") = "Api", "Api", "{A0151D38-3D68-4CD8-8642-B604D899C4C8}"
EndProject
Project("{2150E333-8FDC-42A3-9474-1A3956D46DE8}") = "Clients", "Clients", "{94DFBDBD-CAA3-42DD-BA54-A7802ED2A2CC}"
EndProject
Project("{2150E333-8FDC-42A3-9474-1A3956D46DE8}") = "Common", "Common", "{FB453A23-BFCE-4011-8469-6556573A193D}"
EndProject
Project("{2150E333-8FDC-42A3-9474-1A3956D46DE8}") = "Projections", "Projections", "{4E3AF67E-5499-496E-BFDA-C5D856221BA2}"
EndProject
Project("{2150E333-8FDC-42A3-9474-1A3956D46DE8}") = "Core", "Core", "{05D34B62-7409-4F5E-9C77-70628B54453A}"
EndProject
Project("{2150E333-8FDC-42A3-9474-1A3956D46DE8}") = "Infrastructure", "Infrastructure", "{B91AC476-15C4-4946-9E39-2ADED0A7D87A}"
EndProject
Project("{2150E333-8FDC-42A3-9474-1A3956D46DE8}") = "WebApi", "WebApi", "{819EC326-DF61-49FB-BC7F-8C82D473E44C}"
EndProject
Project("{2150E333-8FDC-42A3-9474-1A3956D46DE8}") = "BlazorWeb", "BlazorWeb", "{1551C70B-5A92-4E34-B3C3-350B49AEB0CF}"
EndProject
Project("{FAE04EC0-301F-11D3-BF4B-00C04F79EFBC}") = "BlazorSozluk.Common", "src\Common\BlazorSozluk.Common\BlazorSozluk.Common.csproj", "{46D31093-5B77-47D2-A569-FA315983E264}"
EndProject
Project("{FAE04EC0-301F-11D3-BF4B-00C04F79EFBC}") = "BlazorSozluk.Api.Domain", "src\Api\Core\BlazorSozluk.Domain\BlazorSozluk.Api.Domain.csproj", "{493CE11E-068F-44FE-89F2-6E280495A6B8}"
EndProject
Project("{FAE04EC0-301F-11D3-BF4B-00C04F79EFBC}") = "BlazorSozluk.Api.Application", "src\Api\Core\BlazorSozluk.Api.Application\BlazorSozluk.Api.Application.csproj", "{3DD105E0-196C-483F-8400-1C0F2C7B8DBF}"
EndProject
Project("{FAE04EC0-301F-11D3-BF4B-00C04F79EFBC}") = "BlazorSozluk.Infrastructure.Persistence", "src\Api\Infrastructure\BlazorSozluk.Infrastructure.Persistence\BlazorSozluk.Infrastructure.Persistence.csproj", "{E1AC1D61-601C-4AE0-9061-8255889368D6}"
EndProject
Project("{FAE04EC0-301F-11D3-BF4B-00C04F79EFBC}") = "BlazorSozluk.Api.WebApi", "src\Api\WebApi\BlazorSozluk.Api.WebApi\BlazorSozluk.Api.WebApi.csproj", "{6C05E331-3978-4DB4-B642-509C906FAA9B}"
EndProject
Project("{FAE04EC0-301F-11D3-BF4B-00C04F79EFBC}") = "BlazorSozluk.Projections.FavoriteService", "src\Projections\BlazorSozluk.Projections.FavoriteService\BlazorSozluk.Projections.FavoriteService.csproj", "{A045A088-4C43-453B-84A1-850352ECCF88}"
EndProject
Project("{FAE04EC0-301F-11D3-BF4B-00C04F79EFBC}") = "BlazorSozluk.Projections.UserService", "src\Projections\BlazorSozluk.Projections.UserService\BlazorSozluk.Projections.UserService.csproj", "{272566A6-1295-4275-B55F-FCBE0112841A}"
EndProject
Project("{FAE04EC0-301F-11D3-BF4B-00C04F79EFBC}") = "BlazorSozluk.Projections.VoteService", "src\Projections\BlazorSozluk.Projections.VoteService\BlazorSozluk.Projections.VoteService.csproj", "{111D1420-2606-42A7-8CF0-989D320F118E}"
EndProject
Project("{FAE04EC0-301F-11D3-BF4B-00C04F79EFBC}") = "BlazorSozluk.WebApp", "src\Clients\BlazorWeb\BlazorSozluk.WebApp\BlazorSozluk.WebApp.csproj", "{18BEA4FD-2EDB-4CE0-99C1-D9C26D9F0A86}"
EndProject
Global
	GlobalSection(SolutionConfigurationPlatforms) = preSolution
		Debug|Any CPU = Debug|Any CPU
		Release|Any CPU = Release|Any CPU
	EndGlobalSection
	GlobalSection(ProjectConfigurationPlatforms) = postSolution
		{46D31093-5B77-47D2-A569-FA315983E264}.Debug|Any CPU.ActiveCfg = Debug|Any CPU
		{46D31093-5B77-47D2-A569-FA315983E264}.Debug|Any CPU.Build.0 = Debug|Any CPU
		{46D31093-5B77-47D2-A569-FA315983E264}.Release|Any CPU.ActiveCfg = Release|Any CPU
		{46D31093-5B77-47D2-A569-FA315983E264}.Release|Any CPU.Build.0 = Release|Any CPU
		{493CE11E-068F-44FE-89F2-6E280495A6B8}.Debug|Any CPU.ActiveCfg = Debug|Any CPU
		{493CE11E-068F-44FE-89F2-6E280495A6B8}.Debug|Any CPU.Build.0 = Debug|Any CPU
		{493CE11E-068F-44FE-89F2-6E280495A6B8}.Release|Any CPU.ActiveCfg = Release|Any CPU
		{493CE11E-068F-44FE-89F2-6E280495A6B8}.Release|Any CPU.Build.0 = Release|Any CPU
		{3DD105E0-196C-483F-8400-1C0F2C7B8DBF}.Debug|Any CPU.ActiveCfg = Debug|Any CPU
		{3DD105E0-196C-483F-8400-1C0F2C7B8DBF}.Debug|Any CPU.Build.0 = Debug|Any CPU
		{3DD105E0-196C-483F-8400-1C0F2C7B8DBF}.Release|Any CPU.ActiveCfg = Release|Any CPU
		{3DD105E0-196C-483F-8400-1C0F2C7B8DBF}.Release|Any CPU.Build.0 = Release|Any CPU
		{E1AC1D61-601C-4AE0-9061-8255889368D6}.Debug|Any CPU.ActiveCfg = Debug|Any CPU
		{E1AC1D61-601C-4AE0-9061-8255889368D6}.Debug|Any CPU.Build.0 = Debug|Any CPU
		{E1AC1D61-601C-4AE0-9061-8255889368D6}.Release|Any CPU.ActiveCfg = Release|Any CPU
		{E1AC1D61-601C-4AE0-9061-8255889368D6}.Release|Any CPU.Build.0 = Release|Any CPU
		{6C05E331-3978-4DB4-B642-509C906FAA9B}.Debug|Any CPU.ActiveCfg = Debug|Any CPU
		{6C05E331-3978-4DB4-B642-509C906FAA9B}.Debug|Any CPU.Build.0 = Debug|Any CPU
		{6C05E331-3978-4DB4-B642-509C906FAA9B}.Release|Any CPU.ActiveCfg = Release|Any CPU
		{6C05E331-3978-4DB4-B642-509C906FAA9B}.Release|Any CPU.Build.0 = Release|Any CPU
		{A045A088-4C43-453B-84A1-850352ECCF88}.Debug|Any CPU.ActiveCfg = Debug|Any CPU
		{A045A088-4C43-453B-84A1-850352ECCF88}.Debug|Any CPU.Build.0 = Debug|Any CPU
		{A045A088-4C43-453B-84A1-850352ECCF88}.Release|Any CPU.ActiveCfg = Release|Any CPU
		{A045A088-4C43-453B-84A1-850352ECCF88}.Release|Any CPU.Build.0 = Release|Any CPU
		{272566A6-1295-4275-B55F-FCBE0112841A}.Debug|Any CPU.ActiveCfg = Debug|Any CPU
		{272566A6-1295-4275-B55F-FCBE0112841A}.Debug|Any CPU.Build.0 = Debug|Any CPU
		{272566A6-1295-4275-B55F-FCBE0112841A}.Release|Any CPU.ActiveCfg = Release|Any CPU
		{272566A6-1295-4275-B55F-FCBE0112841A}.Release|Any CPU.Build.0 = Release|Any CPU
		{111D1420-2606-42A7-8CF0-989D320F118E}.Debug|Any CPU.ActiveCfg = Debug|Any CPU
		{111D1420-2606-42A7-8CF0-989D320F118E}.Debug|Any CPU.Build.0 = Debug|Any CPU
		{111D1420-2606-42A7-8CF0-989D320F118E}.Release|Any CPU.ActiveCfg = Release|Any CPU
		{111D1420-2606-42A7-8CF0-989D320F118E}.Release|Any CPU.Build.0 = Release|Any CPU
		{18BEA4FD-2EDB-4CE0-99C1-D9C26D9F0A86}.Debug|Any CPU.ActiveCfg = Debug|Any CPU
		{18BEA4FD-2EDB-4CE0-99C1-D9C26D9F0A86}.Debug|Any CPU.Build.0 = Debug|Any CPU
		{18BEA4FD-2EDB-4CE0-99C1-D9C26D9F0A86}.Release|Any CPU.ActiveCfg = Release|Any CPU
		{18BEA4FD-2EDB-4CE0-99C1-D9C26D9F0A86}.Release|Any CPU.Build.0 = Release|Any CPU
	EndGlobalSection
	GlobalSection(SolutionProperties) = preSolution
		HideSolutionNode = FALSE
	EndGlobalSection
	GlobalSection(NestedProjects) = preSolution
		{A0151D38-3D68-4CD8-8642-B604D899C4C8} = {47F76D1E-C14A-4EF3-89A7-36E17F998B90}
		{94DFBDBD-CAA3-42DD-BA54-A7802ED2A2CC} = {47F76D1E-C14A-4EF3-89A7-36E17F998B90}
		{FB453A23-BFCE-4011-8469-6556573A193D} = {47F76D1E-C14A-4EF3-89A7-36E17F998B90}
		{4E3AF67E-5499-496E-BFDA-C5D856221BA2} = {47F76D1E-C14A-4EF3-89A7-36E17F998B90}
		{05D34B62-7409-4F5E-9C77-70628B54453A} = {A0151D38-3D68-4CD8-8642-B604D899C4C8}
		{B91AC476-15C4-4946-9E39-2ADED0A7D87A} = {A0151D38-3D68-4CD8-8642-B604D899C4C8}
		{819EC326-DF61-49FB-BC7F-8C82D473E44C} = {A0151D38-3D68-4CD8-8642-B604D899C4C8}
		{1551C70B-5A92-4E34-B3C3-350B49AEB0CF} = {94DFBDBD-CAA3-42DD-BA54-A7802ED2A2CC}
		{46D31093-5B77-47D2-A569-FA315983E264} = {FB453A23-BFCE-4011-8469-6556573A193D}
		{493CE11E-068F-44FE-89F2-6E280495A6B8} = {05D34B62-7409-4F5E-9C77-70628B54453A}
		{3DD105E0-196C-483F-8400-1C0F2C7B8DBF} = {05D34B62-7409-4F5E-9C77-70628B54453A}
		{E1AC1D61-601C-4AE0-9061-8255889368D6} = {B91AC476-15C4-4946-9E39-2ADED0A7D87A}
		{6C05E331-3978-4DB4-B642-509C906FAA9B} = {819EC326-DF61-49FB-BC7F-8C82D473E44C}
		{A045A088-4C43-453B-84A1-850352ECCF88} = {4E3AF67E-5499-496E-BFDA-C5D856221BA2}
		{272566A6-1295-4275-B55F-FCBE0112841A} = {4E3AF67E-5499-496E-BFDA-C5D856221BA2}
		{111D1420-2606-42A7-8CF0-989D320F118E} = {4E3AF67E-5499-496E-BFDA-C5D856221BA2}
		{18BEA4FD-2EDB-4CE0-99C1-D9C26D9F0A86} = {1551C70B-5A92-4E34-B3C3-350B49AEB0CF}
	EndGlobalSection
	GlobalSection(ExtensibilityGlobals) = postSolution
		SolutionGuid = {57311C1B-BE31-48FB-9FF2-330BA6167D8E}
	EndGlobalSection
EndGlobal
